
Microsoft Visual Studio Solution File, Format Version 12.00
# Visual Studio 15
VisualStudioVersion = 15.0.28307.168
MinimumVisualStudioVersion = 10.0.40219.1
Project("{FAE04EC0-301F-11D3-BF4B-00C04F79EFBC}") = "CRUDoperationMVC", "CRUDoperationMVC\CRUDoperationMVC.csproj", "{19AAB7FF-3C37-4116-913A-5F6B045BF372}"
EndProject
Global
	GlobalSection(SolutionConfigurationPlatforms) = preSolution
		Debug|Any CPU = Debug|Any CPU
		Release|Any CPU = Release|Any CPU
	EndGlobalSection
	GlobalSection(ProjectConfigurationPlatforms) = postSolution
		{19AAB7FF-3C37-4116-913A-5F6B045BF372}.Debug|Any CPU.ActiveCfg = Debug|Any CPU
		{19AAB7FF-3C37-4116-913A-5F6B045BF372}.Debug|Any CPU.Build.0 = Debug|Any CPU
		{19AAB7FF-3C37-4116-913A-5F6B045BF372}.Release|Any CPU.ActiveCfg = Release|Any CPU
		{19AAB7FF-3C37-4116-913A-5F6B045BF372}.Release|Any CPU.Build.0 = Release|Any CPU
	EndGlobalSection
	GlobalSection(SolutionProperties) = preSolution
		HideSolutionNode = FALSE
	EndGlobalSection
	GlobalSection(ExtensibilityGlobals) = postSolution
		SolutionGuid = {DC8A1E2D-A0DF-4BF8-9882-9EC5E7B21A90}
	EndGlobalSection
EndGlobal
